// !$*UTF8*$!
{
	archiveVersion = 1;
	classes = {
	};
	objectVersion = 70;
	objects = {

/* Begin PBXBuildFile section */
		B768804A2E8A1D2700E3302F /* Assets.xcassets in Resources */ = {isa = PBXBuildFile; fileRef = B76880492E8A1D2700E3302F /* Assets.xcassets */; };
		B7A2E0DD2E875DF600C48D2B /* TimerView.swift in Sources */ = {isa = PBXBuildFile; fileRef = B7A2E0DC2E875DF600C48D2B /* TimerView.swift */; };
		B7A996EC2E7D98D4007FCA00 /* ImageExtension.swift in Sources */ = {isa = PBXBuildFile; fileRef = B7A996EB2E7D98D4007FCA00 /* ImageExtension.swift */; };
		B7A996EE2E7D9D0C007FCA00 /* SuccessView.swift in Sources */ = {isa = PBXBuildFile; fileRef = B7A996ED2E7D9D0C007FCA00 /* SuccessView.swift */; };
		EB2B31E32E6CD52B00EFB152 /* DateExtension.swift in Sources */ = {isa = PBXBuildFile; fileRef = EB2B31E22E6CD52B00EFB152 /* DateExtension.swift */; };
		EB2B31E52E6CD62400EFB152 /* HistoryStore.swift in Sources */ = {isa = PBXBuildFile; fileRef = EB2B31E42E6CD62400EFB152 /* HistoryStore.swift */; };
		EB2B31E92E6CD78F00EFB152 /* HistoryStoreDevData.swift in Sources */ = {isa = PBXBuildFile; fileRef = EB2B31E82E6CD78F00EFB152 /* HistoryStoreDevData.swift */; };
		EB6FAB242E62D2E20016DD05 /* HITFITApp.swift in Sources */ = {isa = PBXBuildFile; fileRef = EB6FAB232E62D2E20016DD05 /* HITFITApp.swift */; };
		EB6FAB262E62D2E20016DD05 /* ContentView.swift in Sources */ = {isa = PBXBuildFile; fileRef = EB6FAB252E62D2E20016DD05 /* ContentView.swift */; };
		EB6FAB2B2E62D2E90016DD05 /* Preview Assets.xcassets in Resources */ = {isa = PBXBuildFile; fileRef = EB6FAB2A2E62D2E90016DD05 /* Preview Assets.xcassets */; };
		EB982DAE2E63D5AA007799E9 /* WelcomeView.swift in Sources */ = {isa = PBXBuildFile; fileRef = EB982DAD2E63D5AA007799E9 /* WelcomeView.swift */; };
		EB982DB02E63D5C9007799E9 /* ExerciseView.swift in Sources */ = {isa = PBXBuildFile; fileRef = EB982DAF2E63D5C9007799E9 /* ExerciseView.swift */; };
		EB982DB32E63E96F007799E9 /* HeaderView.swift in Sources */ = {isa = PBXBuildFile; fileRef = EB982DB22E63E96F007799E9 /* HeaderView.swift */; };
		EB982DB52E63EAFE007799E9 /* Exercise.swift in Sources */ = {isa = PBXBuildFile; fileRef = EB982DB42E63EAFE007799E9 /* Exercise.swift */; };
		EB98435C2E6B882500098C82 /* HistoryView.swift in Sources */ = {isa = PBXBuildFile; fileRef = EB98435B2E6B882500098C82 /* HistoryView.swift */; };
		EBCF24A82E652A4300D8CD8E /* squat.mp4 in Resources */ = {isa = PBXBuildFile; fileRef = EBCF24A72E652A4300D8CD8E /* squat.mp4 */; };
		EBCF24AC2E652A8A00D8CD8E /* sun-salute.mp4 in Resources */ = {isa = PBXBuildFile; fileRef = EBCF24A92E652A8900D8CD8E /* sun-salute.mp4 */; };
		EBCF24AD2E652A8A00D8CD8E /* burpee.mp4 in Resources */ = {isa = PBXBuildFile; fileRef = EBCF24AA2E652A8900D8CD8E /* burpee.mp4 */; };
		EBCF24AE2E652A8A00D8CD8E /* step-up.mp4 in Resources */ = {isa = PBXBuildFile; fileRef = EBCF24AB2E652A8A00D8CD8E /* step-up.mp4 */; };
		EBCF24B02E652DCE00D8CD8E /* RatingView.swift in Sources */ = {isa = PBXBuildFile; fileRef = EBCF24AF2E652DCE00D8CD8E /* RatingView.swift */; };
/* End PBXBuildFile section */

/* Begin PBXFileReference section */
		B76880492E8A1D2700E3302F /* Assets.xcassets */ = {isa = PBXFileReference; lastKnownFileType = folder.assetcatalog; path = Assets.xcassets; sourceTree = "<group>"; };
		B7A2E0DC2E875DF600C48D2B /* TimerView.swift */ = {isa = PBXFileReference; lastKnownFileType = sourcecode.swift; path = TimerView.swift; sourceTree = "<group>"; };
		B7A996EB2E7D98D4007FCA00 /* ImageExtension.swift */ = {isa = PBXFileReference; lastKnownFileType = sourcecode.swift; path = ImageExtension.swift; sourceTree = "<group>"; };
		B7A996ED2E7D9D0C007FCA00 /* SuccessView.swift */ = {isa = PBXFileReference; lastKnownFileType = sourcecode.swift; path = SuccessView.swift; sourceTree = "<group>"; };
		EB2B31E22E6CD52B00EFB152 /* DateExtension.swift */ = {isa = PBXFileReference; lastKnownFileType = sourcecode.swift; path = DateExtension.swift; sourceTree = "<group>"; };
		EB2B31E42E6CD62400EFB152 /* HistoryStore.swift */ = {isa = PBXFileReference; lastKnownFileType = sourcecode.swift; path = HistoryStore.swift; sourceTree = "<group>"; };
		EB2B31E82E6CD78F00EFB152 /* HistoryStoreDevData.swift */ = {isa = PBXFileReference; lastKnownFileType = sourcecode.swift; path = HistoryStoreDevData.swift; sourceTree = "<group>"; };
		EB6FAB202E62D2E10016DD05 /* HITFIT.app */ = {isa = PBXFileReference; explicitFileType = wrapper.application; includeInIndex = 0; path = HITFIT.app; sourceTree = BUILT_PRODUCTS_DIR; };
		EB6FAB232E62D2E20016DD05 /* HITFITApp.swift */ = {isa = PBXFileReference; lastKnownFileType = sourcecode.swift; path = HITFITApp.swift; sourceTree = "<group>"; };
		EB6FAB252E62D2E20016DD05 /* ContentView.swift */ = {isa = PBXFileReference; lastKnownFileType = sourcecode.swift; path = ContentView.swift; sourceTree = "<group>"; };
		EB6FAB2A2E62D2E90016DD05 /* Preview Assets.xcassets */ = {isa = PBXFileReference; lastKnownFileType = folder.assetcatalog; path = "Preview Assets.xcassets"; sourceTree = "<group>"; };
		EB982DAD2E63D5AA007799E9 /* WelcomeView.swift */ = {isa = PBXFileReference; lastKnownFileType = sourcecode.swift; path = WelcomeView.swift; sourceTree = "<group>"; };
		EB982DAF2E63D5C9007799E9 /* ExerciseView.swift */ = {isa = PBXFileReference; lastKnownFileType = sourcecode.swift; path = ExerciseView.swift; sourceTree = "<group>"; };
		EB982DB22E63E96F007799E9 /* HeaderView.swift */ = {isa = PBXFileReference; lastKnownFileType = sourcecode.swift; path = HeaderView.swift; sourceTree = "<group>"; };
		EB982DB42E63EAFE007799E9 /* Exercise.swift */ = {isa = PBXFileReference; lastKnownFileType = sourcecode.swift; path = Exercise.swift; sourceTree = "<group>"; };
		EB98435B2E6B882500098C82 /* HistoryView.swift */ = {isa = PBXFileReference; lastKnownFileType = sourcecode.swift; path = HistoryView.swift; sourceTree = "<group>"; };
		EBCF24A72E652A4300D8CD8E /* squat.mp4 */ = {isa = PBXFileReference; lastKnownFileType = file; path = squat.mp4; sourceTree = "<group>"; };
		EBCF24A92E652A8900D8CD8E /* sun-salute.mp4 */ = {isa = PBXFileReference; lastKnownFileType = file; path = "sun-salute.mp4"; sourceTree = "<group>"; };
		EBCF24AA2E652A8900D8CD8E /* burpee.mp4 */ = {isa = PBXFileReference; lastKnownFileType = file; path = burpee.mp4; sourceTree = "<group>"; };
		EBCF24AB2E652A8A00D8CD8E /* step-up.mp4 */ = {isa = PBXFileReference; lastKnownFileType = file; path = "step-up.mp4"; sourceTree = "<group>"; };
		EBCF24AF2E652DCE00D8CD8E /* RatingView.swift */ = {isa = PBXFileReference; lastKnownFileType = sourcecode.swift; path = RatingView.swift; sourceTree = "<group>"; };
/* End PBXFileReference section */

/* Begin PBXFileSystemSynchronizedRootGroup section */
		B7A2E1112E8A11E000C48D2B /* Styling */ = {isa = PBXFileSystemSynchronizedRootGroup; explicitFileTypes = {}; explicitFolders = (); path = Styling; sourceTree = "<group>"; };
/* End PBXFileSystemSynchronizedRootGroup section */

/* Begin PBXFrameworksBuildPhase section */
		EB6FAB1D2E62D2E10016DD05 /* Frameworks */ = {
			isa = PBXFrameworksBuildPhase;
			buildActionMask = 2147483647;
			files = (
			);
			runOnlyForDeploymentPostprocessing = 0;
		};
/* End PBXFrameworksBuildPhase section */

/* Begin PBXGroup section */
		EB2B31E72E6CD6F300EFB152 /* Model */ = {
			isa = PBXGroup;
			children = (
				EB2B31E42E6CD62400EFB152 /* HistoryStore.swift */,
				EB982DB42E63EAFE007799E9 /* Exercise.swift */,
			);
			path = Model;
			sourceTree = "<group>";
		};
		EB6FAB172E62D2E10016DD05 = {
			isa = PBXGroup;
			children = (
				EB6FAB222E62D2E10016DD05 /* HITFIT */,
				EB6FAB212E62D2E10016DD05 /* Products */,
			);
			sourceTree = "<group>";
		};
		EB6FAB212E62D2E10016DD05 /* Products */ = {
			isa = PBXGroup;
			children = (
				EB6FAB202E62D2E10016DD05 /* HITFIT.app */,
			);
			name = Products;
			sourceTree = "<group>";
		};
		EB6FAB222E62D2E10016DD05 /* HITFIT */ = {
			isa = PBXGroup;
			children = (
				EB6FAB232E62D2E20016DD05 /* HITFITApp.swift */,
				EB2B31E72E6CD6F300EFB152 /* Model */,
				EB982DB12E63D5F6007799E9 /* Views */,
				EB2B31E22E6CD52B00EFB152 /* DateExtension.swift */,
				B76880492E8A1D2700E3302F /* Assets.xcassets */,
				EB6FAB292E62D2E90016DD05 /* Preview Content */,
				B7A996EB2E7D98D4007FCA00 /* ImageExtension.swift */,
			);
			path = HITFIT;
			sourceTree = "<group>";
		};
		EB6FAB292E62D2E90016DD05 /* Preview Content */ = {
			isa = PBXGroup;
			children = (
				EBCF24A72E652A4300D8CD8E /* squat.mp4 */,
				EB2B31E82E6CD78F00EFB152 /* HistoryStoreDevData.swift */,
				EB6FAB2A2E62D2E90016DD05 /* Preview Assets.xcassets */,
				EBCF24AA2E652A8900D8CD8E /* burpee.mp4 */,
				EBCF24AB2E652A8A00D8CD8E /* step-up.mp4 */,
				EBCF24A92E652A8900D8CD8E /* sun-salute.mp4 */,
			);
			path = "Preview Content";
			sourceTree = "<group>";
		};
		EB982DB12E63D5F6007799E9 /* Views */ = {
			isa = PBXGroup;
			children = (
				B7A2E1112E8A11E000C48D2B /* Styling */,
				EB6FAB252E62D2E20016DD05 /* ContentView.swift */,
				EB982DAF2E63D5C9007799E9 /* ExerciseView.swift */,
				EBCF24AF2E652DCE00D8CD8E /* RatingView.swift */,
				B7A2E0DC2E875DF600C48D2B /* TimerView.swift */,
				B7A996ED2E7D9D0C007FCA00 /* SuccessView.swift */,
				EB98435B2E6B882500098C82 /* HistoryView.swift */,
				EB982DB22E63E96F007799E9 /* HeaderView.swift */,
				EB982DAD2E63D5AA007799E9 /* WelcomeView.swift */,
			);
			path = Views;
			sourceTree = "<group>";
		};
/* End PBXGroup section */

/* Begin PBXNativeTarget section */
		EB6FAB1F2E62D2E10016DD05 /* HITFIT */ = {
			isa = PBXNativeTarget;
			buildConfigurationList = EB6FAB2E2E62D2E90016DD05 /* Build configuration list for PBXNativeTarget "HITFIT" */;
			buildPhases = (
				EB6FAB1C2E62D2E10016DD05 /* Sources */,
				EB6FAB1D2E62D2E10016DD05 /* Frameworks */,
				EB6FAB1E2E62D2E10016DD05 /* Resources */,
			);
			buildRules = (
			);
			dependencies = (
			);
			fileSystemSynchronizedGroups = (
				B7A2E1112E8A11E000C48D2B /* Styling */,
			);
			name = HITFIT;
			productName = HITFIT;
			productReference = EB6FAB202E62D2E10016DD05 /* HITFIT.app */;
			productType = "com.apple.product-type.application";
		};
/* End PBXNativeTarget section */

/* Begin PBXProject section */
		EB6FAB182E62D2E10016DD05 /* Project object */ = {
			isa = PBXProject;
			attributes = {
				BuildIndependentTargetsInParallel = 1;
				LastSwiftUpdateCheck = 1510;
				LastUpgradeCheck = 1510;
				TargetAttributes = {
					EB6FAB1F2E62D2E10016DD05 = {
						CreatedOnToolsVersion = 15.1;
					};
				};
			};
			buildConfigurationList = EB6FAB1B2E62D2E10016DD05 /* Build configuration list for PBXProject "HITFIT" */;
			compatibilityVersion = "Xcode 14.0";
			developmentRegion = en;
			hasScannedForEncodings = 0;
			knownRegions = (
				en,
				Base,
			);
			mainGroup = EB6FAB172E62D2E10016DD05;
			productRefGroup = EB6FAB212E62D2E10016DD05 /* Products */;
			projectDirPath = "";
			projectRoot = "";
			targets = (
				EB6FAB1F2E62D2E10016DD05 /* HITFIT */,
			);
		};
/* End PBXProject section */

/* Begin PBXResourcesBuildPhase section */
		EB6FAB1E2E62D2E10016DD05 /* Resources */ = {
			isa = PBXResourcesBuildPhase;
			buildActionMask = 2147483647;
			files = (
				EB6FAB2B2E62D2E90016DD05 /* Preview Assets.xcassets in Resources */,
				EBCF24AD2E652A8A00D8CD8E /* burpee.mp4 in Resources */,
				EBCF24AE2E652A8A00D8CD8E /* step-up.mp4 in Resources */,
				EBCF24A82E652A4300D8CD8E /* squat.mp4 in Resources */,
				B768804A2E8A1D2700E3302F /* Assets.xcassets in Resources */,
				EBCF24AC2E652A8A00D8CD8E /* sun-salute.mp4 in Resources */,
			);
			runOnlyForDeploymentPostprocessing = 0;
		};
/* End PBXResourcesBuildPhase section */

/* Begin PBXSourcesBuildPhase section */
		EB6FAB1C2E62D2E10016DD05 /* Sources */ = {
			isa = PBXSourcesBuildPhase;
			buildActionMask = 2147483647;
			files = (
				B7A2E0DD2E875DF600C48D2B /* TimerView.swift in Sources */,
				EB2B31E92E6CD78F00EFB152 /* HistoryStoreDevData.swift in Sources */,
				EB982DB32E63E96F007799E9 /* HeaderView.swift in Sources */,
				EB98435C2E6B882500098C82 /* HistoryView.swift in Sources */,
				EB2B31E52E6CD62400EFB152 /* HistoryStore.swift in Sources */,
				B7A996EE2E7D9D0C007FCA00 /* SuccessView.swift in Sources */,
				EB982DB02E63D5C9007799E9 /* ExerciseView.swift in Sources */,
				EB6FAB262E62D2E20016DD05 /* ContentView.swift in Sources */,
				EB2B31E32E6CD52B00EFB152 /* DateExtension.swift in Sources */,
				B7A996EC2E7D98D4007FCA00 /* ImageExtension.swift in Sources */,
				EB982DAE2E63D5AA007799E9 /* WelcomeView.swift in Sources */,
				EB6FAB242E62D2E20016DD05 /* HITFITApp.swift in Sources */,
				EB982DB52E63EAFE007799E9 /* Exercise.swift in Sources */,
				EBCF24B02E652DCE00D8CD8E /* RatingView.swift in Sources */,
			);
			runOnlyForDeploymentPostprocessing = 0;
		};
/* End PBXSourcesBuildPhase section */

/* Begin XCBuildConfiguration section */
		EB6FAB2C2E62D2E90016DD05 /* Debug */ = {
			isa = XCBuildConfiguration;
			buildSettings = {
				ALWAYS_SEARCH_USER_PATHS = NO;
				ASSETCATALOG_COMPILER_GENERATE_SWIFT_ASSET_SYMBOL_EXTENSIONS = YES;
				CLANG_ANALYZER_NONNULL = YES;
				CLANG_ANALYZER_NUMBER_OBJECT_CONVERSION = YES_AGGRESSIVE;
				CLANG_CXX_LANGUAGE_STANDARD = "gnu++20";
				CLANG_ENABLE_MODULES = YES;
				CLANG_ENABLE_OBJC_ARC = YES;
				CLANG_ENABLE_OBJC_WEAK = YES;
				CLANG_WARN_BLOCK_CAPTURE_AUTORELEASING = YES;
				CLANG_WARN_BOOL_CONVERSION = YES;
				CLANG_WARN_COMMA = YES;
				CLANG_WARN_CONSTANT_CONVERSION = YES;
				CLANG_WARN_DEPRECATED_OBJC_IMPLEMENTATIONS = YES;
				CLANG_WARN_DIRECT_OBJC_ISA_USAGE = YES_ERROR;
				CLANG_WARN_DOCUMENTATION_COMMENTS = YES;
				CLANG_WARN_EMPTY_BODY = YES;
				CLANG_WARN_ENUM_CONVERSION = YES;
				CLANG_WARN_INFINITE_RECURSION = YES;
				CLANG_WARN_INT_CONVERSION = YES;
				CLANG_WARN_NON_LITERAL_NULL_CONVERSION = YES;
				CLANG_WARN_OBJC_IMPLICIT_RETAIN_SELF = YES;
				CLANG_WARN_OBJC_LITERAL_CONVERSION = YES;
				CLANG_WARN_OBJC_ROOT_CLASS = YES_ERROR;
				CLANG_WARN_QUOTED_INCLUDE_IN_FRAMEWORK_HEADER = YES;
				CLANG_WARN_RANGE_LOOP_ANALYSIS = YES;
				CLANG_WARN_STRICT_PROTOTYPES = YES;
				CLANG_WARN_SUSPICIOUS_MOVE = YES;
				CLANG_WARN_UNGUARDED_AVAILABILITY = YES_AGGRESSIVE;
				CLANG_WARN_UNREACHABLE_CODE = YES;
				CLANG_WARN__DUPLICATE_METHOD_MATCH = YES;
				COPY_PHASE_STRIP = NO;
				DEBUG_INFORMATION_FORMAT = dwarf;
				ENABLE_STRICT_OBJC_MSGSEND = YES;
				ENABLE_TESTABILITY = YES;
				ENABLE_USER_SCRIPT_SANDBOXING = YES;
				GCC_C_LANGUAGE_STANDARD = gnu17;
				GCC_DYNAMIC_NO_PIC = NO;
				GCC_NO_COMMON_BLOCKS = YES;
				GCC_OPTIMIZATION_LEVEL = 0;
				GCC_PREPROCESSOR_DEFINITIONS = (
					"DEBUG=1",
					"$(inherited)",
				);
				GCC_WARN_64_TO_32_BIT_CONVERSION = YES;
				GCC_WARN_ABOUT_RETURN_TYPE = YES_ERROR;
				GCC_WARN_UNDECLARED_SELECTOR = YES;
				GCC_WARN_UNINITIALIZED_AUTOS = YES_AGGRESSIVE;
				GCC_WARN_UNUSED_FUNCTION = YES;
				GCC_WARN_UNUSED_VARIABLE = YES;
				IPHONEOS_DEPLOYMENT_TARGET = 17.2;
				LOCALIZATION_PREFERS_STRING_CATALOGS = YES;
				MTL_ENABLE_DEBUG_INFO = INCLUDE_SOURCE;
				MTL_FAST_MATH = YES;
				ONLY_ACTIVE_ARCH = YES;
				SDKROOT = iphoneos;
				SWIFT_ACTIVE_COMPILATION_CONDITIONS = "DEBUG $(inherited)";
				SWIFT_OPTIMIZATION_LEVEL = "-Onone";
			};
			name = Debug;
		};
		EB6FAB2D2E62D2E90016DD05 /* Release */ = {
			isa = XCBuildConfiguration;
			buildSettings = {
				ALWAYS_SEARCH_USER_PATHS = NO;
				ASSETCATALOG_COMPILER_GENERATE_SWIFT_ASSET_SYMBOL_EXTENSIONS = YES;
				CLANG_ANALYZER_NONNULL = YES;
				CLANG_ANALYZER_NUMBER_OBJECT_CONVERSION = YES_AGGRESSIVE;
				CLANG_CXX_LANGUAGE_STANDARD = "gnu++20";
				CLANG_ENABLE_MODULES = YES;
				CLANG_ENABLE_OBJC_ARC = YES;
				CLANG_ENABLE_OBJC_WEAK = YES;
				CLANG_WARN_BLOCK_CAPTURE_AUTORELEASING = YES;
				CLANG_WARN_BOOL_CONVERSION = YES;
				CLANG_WARN_COMMA = YES;
				CLANG_WARN_CONSTANT_CONVERSION = YES;
				CLANG_WARN_DEPRECATED_OBJC_IMPLEMENTATIONS = YES;
				CLANG_WARN_DIRECT_OBJC_ISA_USAGE = YES_ERROR;
				CLANG_WARN_DOCUMENTATION_COMMENTS = YES;
				CLANG_WARN_EMPTY_BODY = YES;
				CLANG_WARN_ENUM_CONVERSION = YES;
				CLANG_WARN_INFINITE_RECURSION = YES;
				CLANG_WARN_INT_CONVERSION = YES;
				CLANG_WARN_NON_LITERAL_NULL_CONVERSION = YES;
				CLANG_WARN_OBJC_IMPLICIT_RETAIN_SELF = YES;
				CLANG_WARN_OBJC_LITERAL_CONVERSION = YES;
				CLANG_WARN_OBJC_ROOT_CLASS = YES_ERROR;
				CLANG_WARN_QUOTED_INCLUDE_IN_FRAMEWORK_HEADER = YES;
				CLANG_WARN_RANGE_LOOP_ANALYSIS = YES;
				CLANG_WARN_STRICT_PROTOTYPES = YES;
				CLANG_WARN_SUSPICIOUS_MOVE = YES;
				CLANG_WARN_UNGUARDED_AVAILABILITY = YES_AGGRESSIVE;
				CLANG_WARN_UNREACHABLE_CODE = YES;
				CLANG_WARN__DUPLICATE_METHOD_MATCH = YES;
				COPY_PHASE_STRIP = NO;
				DEBUG_INFORMATION_FORMAT = "dwarf-with-dsym";
				ENABLE_NS_ASSERTIONS = NO;
				ENABLE_STRICT_OBJC_MSGSEND = YES;
				ENABLE_USER_SCRIPT_SANDBOXING = YES;
				GCC_C_LANGUAGE_STANDARD = gnu17;
				GCC_NO_COMMON_BLOCKS = YES;
				GCC_WARN_64_TO_32_BIT_CONVERSION = YES;
				GCC_WARN_ABOUT_RETURN_TYPE = YES_ERROR;
				GCC_WARN_UNDECLARED_SELECTOR = YES;
				GCC_WARN_UNINITIALIZED_AUTOS = YES_AGGRESSIVE;
				GCC_WARN_UNUSED_FUNCTION = YES;
				GCC_WARN_UNUSED_VARIABLE = YES;
				IPHONEOS_DEPLOYMENT_TARGET = 17.2;
				LOCALIZATION_PREFERS_STRING_CATALOGS = YES;
				MTL_ENABLE_DEBUG_INFO = NO;
				MTL_FAST_MATH = YES;
				SDKROOT = iphoneos;
				SWIFT_COMPILATION_MODE = wholemodule;
				VALIDATE_PRODUCT = YES;
			};
			name = Release;
		};
		EB6FAB2F2E62D2E90016DD05 /* Debug */ = {
			isa = XCBuildConfiguration;
			buildSettings = {
				ASSETCATALOG_COMPILER_APPICON_NAME = AppIcon;
				ASSETCATALOG_COMPILER_GLOBAL_ACCENT_COLOR_NAME = AccentColor;
				CODE_SIGN_STYLE = Automatic;
				CURRENT_PROJECT_VERSION = 1;
				DEVELOPMENT_ASSET_PATHS = "\"HITFIT/Preview Content\"";
				ENABLE_PREVIEWS = YES;
				GENERATE_INFOPLIST_FILE = YES;
				INFOPLIST_KEY_UIApplicationSceneManifest_Generation = YES;
				INFOPLIST_KEY_UIApplicationSupportsIndirectInputEvents = YES;
				INFOPLIST_KEY_UILaunchScreen_Generation = YES;
				INFOPLIST_KEY_UISupportedInterfaceOrientations_iPad = "UIInterfaceOrientationPortrait UIInterfaceOrientationPortraitUpsideDown UIInterfaceOrientationLandscapeLeft UIInterfaceOrientationLandscapeRight";
				INFOPLIST_KEY_UISupportedInterfaceOrientations_iPhone = "UIInterfaceOrientationPortrait UIInterfaceOrientationLandscapeLeft UIInterfaceOrientationLandscapeRight";
				LD_RUNPATH_SEARCH_PATHS = (
					"$(inherited)",
					"@executable_path/Frameworks",
				);
				MARKETING_VERSION = 1.0;
				PRODUCT_BUNDLE_IDENTIFIER = com.samueldaniel.HITFIT;
				PRODUCT_NAME = "$(TARGET_NAME)";
				SWIFT_EMIT_LOC_STRINGS = YES;
				SWIFT_VERSION = 5.0;
				TARGETED_DEVICE_FAMILY = "1,2";
			};
			name = Debug;
		};
		EB6FAB302E62D2E90016DD05 /* Release */ = {
			isa = XCBuildConfiguration;
			buildSettings = {
				ASSETCATALOG_COMPILER_APPICON_NAME = AppIcon;
				ASSETCATALOG_COMPILER_GLOBAL_ACCENT_COLOR_NAME = AccentColor;
				CODE_SIGN_STYLE = Automatic;
				CURRENT_PROJECT_VERSION = 1;
				DEVELOPMENT_ASSET_PATHS = "\"HITFIT/Preview Content\"";
				ENABLE_PREVIEWS = YES;
				GENERATE_INFOPLIST_FILE = YES;
				INFOPLIST_KEY_UIApplicationSceneManifest_Generation = YES;
				INFOPLIST_KEY_UIApplicationSupportsIndirectInputEvents = YES;
				INFOPLIST_KEY_UILaunchScreen_Generation = YES;
				INFOPLIST_KEY_UISupportedInterfaceOrientations_iPad = "UIInterfaceOrientationPortrait UIInterfaceOrientationPortraitUpsideDown UIInterfaceOrientationLandscapeLeft UIInterfaceOrientationLandscapeRight";
				INFOPLIST_KEY_UISupportedInterfaceOrientations_iPhone = "UIInterfaceOrientationPortrait UIInterfaceOrientationLandscapeLeft UIInterfaceOrientationLandscapeRight";
				LD_RUNPATH_SEARCH_PATHS = (
					"$(inherited)",
					"@executable_path/Frameworks",
				);
				MARKETING_VERSION = 1.0;
				PRODUCT_BUNDLE_IDENTIFIER = com.samueldaniel.HITFIT;
				PRODUCT_NAME = "$(TARGET_NAME)";
				SWIFT_EMIT_LOC_STRINGS = YES;
				SWIFT_VERSION = 5.0;
				TARGETED_DEVICE_FAMILY = "1,2";
			};
			name = Release;
		};
/* End XCBuildConfiguration section */

/* Begin XCConfigurationList section */
		EB6FAB1B2E62D2E10016DD05 /* Build configuration list for PBXProject "HITFIT" */ = {
			isa = XCConfigurationList;
			buildConfigurations = (
				EB6FAB2C2E62D2E90016DD05 /* Debug */,
				EB6FAB2D2E62D2E90016DD05 /* Release */,
			);
			defaultConfigurationIsVisible = 0;
			defaultConfigurationName = Release;
		};
		EB6FAB2E2E62D2E90016DD05 /* Build configuration list for PBXNativeTarget "HITFIT" */ = {
			isa = XCConfigurationList;
			buildConfigurations = (
				EB6FAB2F2E62D2E90016DD05 /* Debug */,
				EB6FAB302E62D2E90016DD05 /* Release */,
			);
			defaultConfigurationIsVisible = 0;
			defaultConfigurationName = Release;
		};
/* End XCConfigurationList section */
	};
	rootObject = EB6FAB182E62D2E10016DD05 /* Project object */;
}
